<Solution>
  <Project Path="src/Muses.Core/Muses.Core.csproj" />
  <Project Path="src/Muses.Persistence/Muses.Persistence.csproj" />
  <Project Path="src/Muses.Infrastructure/Muses.Infrastructure.csproj" />
  <Project Path="src/Muses.App/Muses.App.csproj" />
  <Project Path="tests/Muses.Tests/Muses.Tests.csproj" />
</Solution>
